
Microsoft Visual Studio Solution File, Format Version 12.00
Project("{FAE04EC0-301F-11D3-BF4B-00C04F79EFBC}") = "Xerris.DotNet.Core.Aws", "src\Xerris.DotNet.Core.Aws\Xerris.DotNet.Core.Aws.csproj", "{5FE58556-5B38-4C32-958F-54A1BAD141C3}"
EndProject
Project("{FAE04EC0-301F-11D3-BF4B-00C04F79EFBC}") = "Xerris.DotNet.Core.Aws.Test", "test\Xerris.DotNet.Core.Aws.Test\Xerris.DotNet.Core.Aws.Test.csproj", "{4CF1D3FF-BE0A-4AEB-987F-D76BCA0CC4B9}"
EndProject
Global
	GlobalSection(SolutionConfigurationPlatforms) = preSolution
		Debug|Any CPU = Debug|Any CPU
		Release|Any CPU = Release|Any CPU
	EndGlobalSection
	GlobalSection(ProjectConfigurationPlatforms) = postSolution
		{5FE58556-5B38-4C32-958F-54A1BAD141C3}.Debug|Any CPU.ActiveCfg = Debug|Any CPU
		{5FE58556-5B38-4C32-958F-54A1BAD141C3}.Debug|Any CPU.Build.0 = Debug|Any CPU
		{5FE58556-5B38-4C32-958F-54A1BAD141C3}.Release|Any CPU.ActiveCfg = Release|Any CPU
		{5FE58556-5B38-4C32-958F-54A1BAD141C3}.Release|Any CPU.Build.0 = Release|Any CPU
		{4CF1D3FF-BE0A-4AEB-987F-D76BCA0CC4B9}.Debug|Any CPU.ActiveCfg = Debug|Any CPU
		{4CF1D3FF-BE0A-4AEB-987F-D76BCA0CC4B9}.Debug|Any CPU.Build.0 = Debug|Any CPU
		{4CF1D3FF-BE0A-4AEB-987F-D76BCA0CC4B9}.Release|Any CPU.ActiveCfg = Release|Any CPU
		{4CF1D3FF-BE0A-4AEB-987F-D76BCA0CC4B9}.Release|Any CPU.Build.0 = Release|Any CPU
	EndGlobalSection
EndGlobal
