
Microsoft Visual Studio Solution File, Format Version 12.00
# Visual Studio 15
VisualStudioVersion = 15.0.26124.0
MinimumVisualStudioVersion = 15.0.26124.0
Project("{FAE04EC0-301F-11D3-BF4B-00C04F79EFBC}") = "Xerris.Lambda.Api", "src\Xerris.Lambda.Api\Xerris.Lambda.Api.csproj", "{B5426924-68A5-4152-8703-B8F4E1B0A760}"
EndProject
Project("{FAE04EC0-301F-11D3-BF4B-00C04F79EFBC}") = "Xerris.Lambda.Api.Tests", "src\Xerris.Lambda.Api.Tests\Xerris.Lambda.Api.Tests.csproj", "{31C62545-C69E-4401-A1D0-ED58ED921833}"
EndProject
Global
	GlobalSection(SolutionConfigurationPlatforms) = preSolution
		Debug|Any CPU = Debug|Any CPU
		Debug|x64 = Debug|x64
		Debug|x86 = Debug|x86
		Release|Any CPU = Release|Any CPU
		Release|x64 = Release|x64
		Release|x86 = Release|x86
	EndGlobalSection
	GlobalSection(SolutionProperties) = preSolution
		HideSolutionNode = FALSE
	EndGlobalSection
	GlobalSection(ProjectConfigurationPlatforms) = postSolution
		{B5426924-68A5-4152-8703-B8F4E1B0A760}.Debug|Any CPU.ActiveCfg = Debug|Any CPU
		{B5426924-68A5-4152-8703-B8F4E1B0A760}.Debug|Any CPU.Build.0 = Debug|Any CPU
		{B5426924-68A5-4152-8703-B8F4E1B0A760}.Debug|x64.ActiveCfg = Debug|Any CPU
		{B5426924-68A5-4152-8703-B8F4E1B0A760}.Debug|x64.Build.0 = Debug|Any CPU
		{B5426924-68A5-4152-8703-B8F4E1B0A760}.Debug|x86.ActiveCfg = Debug|Any CPU
		{B5426924-68A5-4152-8703-B8F4E1B0A760}.Debug|x86.Build.0 = Debug|Any CPU
		{B5426924-68A5-4152-8703-B8F4E1B0A760}.Release|Any CPU.ActiveCfg = Release|Any CPU
		{B5426924-68A5-4152-8703-B8F4E1B0A760}.Release|Any CPU.Build.0 = Release|Any CPU
		{B5426924-68A5-4152-8703-B8F4E1B0A760}.Release|x64.ActiveCfg = Release|Any CPU
		{B5426924-68A5-4152-8703-B8F4E1B0A760}.Release|x64.Build.0 = Release|Any CPU
		{B5426924-68A5-4152-8703-B8F4E1B0A760}.Release|x86.ActiveCfg = Release|Any CPU
		{B5426924-68A5-4152-8703-B8F4E1B0A760}.Release|x86.Build.0 = Release|Any CPU
		{31C62545-C69E-4401-A1D0-ED58ED921833}.Debug|Any CPU.ActiveCfg = Debug|Any CPU
		{31C62545-C69E-4401-A1D0-ED58ED921833}.Debug|Any CPU.Build.0 = Debug|Any CPU
		{31C62545-C69E-4401-A1D0-ED58ED921833}.Debug|x64.ActiveCfg = Debug|Any CPU
		{31C62545-C69E-4401-A1D0-ED58ED921833}.Debug|x64.Build.0 = Debug|Any CPU
		{31C62545-C69E-4401-A1D0-ED58ED921833}.Debug|x86.ActiveCfg = Debug|Any CPU
		{31C62545-C69E-4401-A1D0-ED58ED921833}.Debug|x86.Build.0 = Debug|Any CPU
		{31C62545-C69E-4401-A1D0-ED58ED921833}.Release|Any CPU.ActiveCfg = Release|Any CPU
		{31C62545-C69E-4401-A1D0-ED58ED921833}.Release|Any CPU.Build.0 = Release|Any CPU
		{31C62545-C69E-4401-A1D0-ED58ED921833}.Release|x64.ActiveCfg = Release|Any CPU
		{31C62545-C69E-4401-A1D0-ED58ED921833}.Release|x64.Build.0 = Release|Any CPU
		{31C62545-C69E-4401-A1D0-ED58ED921833}.Release|x86.ActiveCfg = Release|Any CPU
		{31C62545-C69E-4401-A1D0-ED58ED921833}.Release|x86.Build.0 = Release|Any CPU
	EndGlobalSection
	GlobalSection(NestedProjects) = preSolution
	EndGlobalSection
EndGlobal
